PODS:
  - FBRetainCycleDetector (0.1.4)
  - MCFoundation (0.2.2)
  - MCObserverKit (0.2.0):
    - MCFoundation (~> 0.2)
  - MCUIKit (0.2.3):
    - MCUIKit/UIKit (= 0.2.3)
  - MCUIKit/Category (0.2.3)
  - MCUIKit/Gesonry (0.2.3)
  - MCUIKit/UIKit (0.2.3):
    - MCUIKit/Category
    - MCUIKit/Gesonry
  - MLeaksFinder (1.0.0):
    - FBRetainCycleDetector

DEPENDENCIES:
  - MCObserverKit (from `../`)
  - MCUIKit (~> 0.2.3)
  - MLeaksFinder (~> 1.0.0)

EXTERNAL SOURCES:
  MCObserverKit:
    :path: ../

SPEC CHECKSUMS:
  FBRetainCycleDetector: 46f8179bbb1c587deee3ea838a1a3ee02acf5015
  MCFoundation: 1c05141cbc900ec15618d7d4c75fb88719d7b658
  MCObserverKit: 0888865520a8f3afa781aecb9010ea8d9cf78428
  MCUIKit: 1386da2dce567a5f50f299878652821a099e386a
  MLeaksFinder: 8c435bd2f6d070af18cff082b503b21adc130fc0

PODFILE CHECKSUM: dfd6c2be3d93343cd7b78ab775d259985ce6db01

COCOAPODS: 1.4.0
