PODS:
  - MCFoundation (0.2.2)
  - MCObserverKit (0.2.0):
    - MCFoundation (~> 0.2)
  - MCUIKit (0.3.9):
    - SDWebImage
  - SDWebImage (5.9.5):
    - SDWebImage/Core (= 5.9.5)
  - SDWebImage/Core (5.9.5)

DEPENDENCIES:
  - MCObserverKit (from `../`)
  - MCUIKit (~> 0.3.0)

SPEC REPOS:
  trunk:
    - MCFoundation
    - MCUIKit
    - SDWebImage

EXTERNAL SOURCES:
  MCObserverKit:
    :path: "../"

SPEC CHECKSUMS:
  MCFoundation: 1c05141cbc900ec15618d7d4c75fb88719d7b658
  MCObserverKit: e85df8596f0619a751dfc510e312f800b6ba1f70
  MCUIKit: e57d8c67433660d55c2b1f6845abfaceec765cab
  SDWebImage: 0b2ba0d56479bf6a45ecddbfd5558bea93150d25

PODFILE CHECKSUM: f1d3127101eef56eabf0fecfbc6c069783ae59bb

COCOAPODS: 1.10.1
